
Microsoft Visual Studio Solution File, Format Version 12.00
# Visual Studio Version 17
VisualStudioVersion = 17.4.33213.308
MinimumVisualStudioVersion = 10.0.40219.1
Project("{FAE04EC0-301F-11D3-BF4B-00C04F79EFBC}") = "Catalogofilmes", "Catalogofilmes\Catalogofilmes.csproj", "{C887049D-A538-4D4C-B6CA-40704D707FFD}"
EndProject
Global
	GlobalSection(SolutionConfigurationPlatforms) = preSolution
		Debug|Any CPU = Debug|Any CPU
		Release|Any CPU = Release|Any CPU
	EndGlobalSection
	GlobalSection(ProjectConfigurationPlatforms) = postSolution
		{C887049D-A538-4D4C-B6CA-40704D707FFD}.Debug|Any CPU.ActiveCfg = Debug|Any CPU
		{C887049D-A538-4D4C-B6CA-40704D707FFD}.Debug|Any CPU.Build.0 = Debug|Any CPU
		{C887049D-A538-4D4C-B6CA-40704D707FFD}.Release|Any CPU.ActiveCfg = Release|Any CPU
		{C887049D-A538-4D4C-B6CA-40704D707FFD}.Release|Any CPU.Build.0 = Release|Any CPU
	EndGlobalSection
	GlobalSection(SolutionProperties) = preSolution
		HideSolutionNode = FALSE
	EndGlobalSection
	GlobalSection(ExtensibilityGlobals) = postSolution
		SolutionGuid = {D11B4290-044F-48EA-9A7E-97E37EA2CECB}
	EndGlobalSection
EndGlobal
